// !$*UTF8*$!
{
	archiveVersion = 1;
	classes = {
	};
	objectVersion = 46;
	objects = {

/* Begin PBXBuildFile section */
		3F314C661BCBBCE600C5456E /* BillboardEffect.cpp in Sources */ = {isa = PBXBuildFile; fileRef = 3F314C641BCBBCE600C5456E /* BillboardEffect.cpp */; };
		3F314C691BCBC33000C5456E /* BillboardDemo.cpp in Sources */ = {isa = PBXBuildFile; fileRef = 3F314C671BCBC33000C5456E /* BillboardDemo.cpp */; };
		3F82C2561BBA3C5E00A1B99C /* CoreFoundation.framework in Frameworks */ = {isa = PBXBuildFile; fileRef = 3F82C2551BBA3C5E00A1B99C /* CoreFoundation.framework */; };
		3FDA8F601BD00E990049E754 /* main.cpp in Sources */ = {isa = PBXBuildFile; fileRef = 3FDA8F5F1BD00E990049E754 /* main.cpp */; };
		3FDA8F631BD3C80D0049E754 /* CubeTextureDemo.cpp in Sources */ = {isa = PBXBuildFile; fileRef = 3FDA8F611BD3C80D0049E754 /* CubeTextureDemo.cpp */; };
		3FDE1F2C1B8C6422006C243F /* IOKit.framework in Frameworks */ = {isa = PBXBuildFile; fileRef = 3FDE1F2B1B8C6422006C243F /* IOKit.framework */; };
		3FDE1F2E1B8C6429006C243F /* Cocoa.framework in Frameworks */ = {isa = PBXBuildFile; fileRef = 3FDE1F2D1B8C6429006C243F /* Cocoa.framework */; };
		3FDE1F301B8C6430006C243F /* OpenGL.framework in Frameworks */ = {isa = PBXBuildFile; fileRef = 3FDE1F2F1B8C6430006C243F /* OpenGL.framework */; };
		3FDE1F321B8C6437006C243F /* CoreVideo.framework in Frameworks */ = {isa = PBXBuildFile; fileRef = 3FDE1F311B8C6437006C243F /* CoreVideo.framework */; };
		3FEF47A61BCCA65800BAE0DB /* PaticleUpdateEffect.cpp in Sources */ = {isa = PBXBuildFile; fileRef = 3FEF47A41BCCA65800BAE0DB /* PaticleUpdateEffect.cpp */; };
		3FEF47A91BCCB84A00BAE0DB /* PaticleSystem.cpp in Sources */ = {isa = PBXBuildFile; fileRef = 3FEF47A71BCCB84A00BAE0DB /* PaticleSystem.cpp */; };
		3FEF47AC1BCCC61E00BAE0DB /* RandomTexture.cpp in Sources */ = {isa = PBXBuildFile; fileRef = 3FEF47AA1BCCC61E00BAE0DB /* RandomTexture.cpp */; };
		3FEF47AE1BCCCEB000BAE0DB /* Common.cpp in Sources */ = {isa = PBXBuildFile; fileRef = 3FEF47AD1BCCCEB000BAE0DB /* Common.cpp */; };
		3FEF47B21BCD286F00BAE0DB /* testDemo.cpp in Sources */ = {isa = PBXBuildFile; fileRef = 3FEF47B01BCD286F00BAE0DB /* testDemo.cpp */; };
		3FEF47B61BCD2B7800BAE0DB /* GLUT.framework in Frameworks */ = {isa = PBXBuildFile; fileRef = 3FEF47B51BCD2B7800BAE0DB /* GLUT.framework */; };
		3FEF47E61BCE45F200BAE0DB /* shader.cpp in Sources */ = {isa = PBXBuildFile; fileRef = 3FEF47E41BCE45F200BAE0DB /* shader.cpp */; };
		3FEF47EC1BCF549F00BAE0DB /* LightingDemo.cpp in Sources */ = {isa = PBXBuildFile; fileRef = 3FEF47EA1BCF549F00BAE0DB /* LightingDemo.cpp */; };
		3FF48B4A1BC8A4EC00CB3B38 /* libassimpd.3.1.1.dylib in Frameworks */ = {isa = PBXBuildFile; fileRef = 3FF48B491BC8A4EC00CB3B38 /* libassimpd.3.1.1.dylib */; };
		3FF48B4C1BC8A4F800CB3B38 /* libfreetype.6.dylib in Frameworks */ = {isa = PBXBuildFile; fileRef = 3FF48B4B1BC8A4F800CB3B38 /* libfreetype.6.dylib */; };
		3FF48B4E1BC8A50100CB3B38 /* libGLEW.a in Frameworks */ = {isa = PBXBuildFile; fileRef = 3FF48B4D1BC8A50100CB3B38 /* libGLEW.a */; };
		3FF48B501BC8A50C00CB3B38 /* libglfw3.a in Frameworks */ = {isa = PBXBuildFile; fileRef = 3FF48B4F1BC8A50C00CB3B38 /* libglfw3.a */; };
		3FF48B5C1BC8A52B00CB3B38 /* image_DXT.c in Sources */ = {isa = PBXBuildFile; fileRef = 3FF48B521BC8A52B00CB3B38 /* image_DXT.c */; };
		3FF48B5D1BC8A52B00CB3B38 /* image_helper.c in Sources */ = {isa = PBXBuildFile; fileRef = 3FF48B541BC8A52B00CB3B38 /* image_helper.c */; };
		3FF48B5E1BC8A52B00CB3B38 /* SOIL.c in Sources */ = {isa = PBXBuildFile; fileRef = 3FF48B561BC8A52B00CB3B38 /* SOIL.c */; };
		3FF48B5F1BC8A52B00CB3B38 /* stb_image_aug.c in Sources */ = {isa = PBXBuildFile; fileRef = 3FF48B581BC8A52B00CB3B38 /* stb_image_aug.c */; };
		3FF48BAE1BC8A68900CB3B38 /* AmbientLightingDemo.cpp in Sources */ = {isa = PBXBuildFile; fileRef = 3FF48B601BC8A68900CB3B38 /* AmbientLightingDemo.cpp */; };
		3FF48BAF1BC8A68900CB3B38 /* BlinnPhongDemo.cpp in Sources */ = {isa = PBXBuildFile; fileRef = 3FF48B621BC8A68900CB3B38 /* BlinnPhongDemo.cpp */; };
		3FF48BB01BC8A68900CB3B38 /* ColoredTriangleDemo.cpp in Sources */ = {isa = PBXBuildFile; fileRef = 3FF48B641BC8A68900CB3B38 /* ColoredTriangleDemo.cpp */; };
		3FF48BB11BC8A68900CB3B38 /* CubeDemo.cpp in Sources */ = {isa = PBXBuildFile; fileRef = 3FF48B661BC8A68900CB3B38 /* CubeDemo.cpp */; };
		3FF48BB21BC8A68900CB3B38 /* DiffuseLightingDemo.cpp in Sources */ = {isa = PBXBuildFile; fileRef = 3FF48B681BC8A68900CB3B38 /* DiffuseLightingDemo.cpp */; };
		3FF48BB31BC8A68900CB3B38 /* BlinnPhongEffect.cpp in Sources */ = {isa = PBXBuildFile; fileRef = 3FF48B6B1BC8A68900CB3B38 /* BlinnPhongEffect.cpp */; };
		3FF48BB41BC8A68900CB3B38 /* FogDemo.cpp in Sources */ = {isa = PBXBuildFile; fileRef = 3FF48B6D1BC8A68900CB3B38 /* FogDemo.cpp */; };
		3FF48BB51BC8A68900CB3B38 /* BasicEffect.cpp in Sources */ = {isa = PBXBuildFile; fileRef = 3FF48B701BC8A68900CB3B38 /* BasicEffect.cpp */; };
		3FF48BB61BC8A68900CB3B38 /* Camera.cpp in Sources */ = {isa = PBXBuildFile; fileRef = 3FF48B721BC8A68900CB3B38 /* Camera.cpp */; };
		3FF48BB71BC8A68900CB3B38 /* ColorHelper.cpp in Sources */ = {isa = PBXBuildFile; fileRef = 3FF48B741BC8A68900CB3B38 /* ColorHelper.cpp */; };
		3FF48BB81BC8A68900CB3B38 /* DirectionalLight.cpp in Sources */ = {isa = PBXBuildFile; fileRef = 3FF48B771BC8A68900CB3B38 /* DirectionalLight.cpp */; };
		3FF48BB91BC8A68900CB3B38 /* DrawableGameComponent.cpp in Sources */ = {isa = PBXBuildFile; fileRef = 3FF48B791BC8A68900CB3B38 /* DrawableGameComponent.cpp */; };
		3FF48BBA1BC8A68900CB3B38 /* FirstPersonCamera.cpp in Sources */ = {isa = PBXBuildFile; fileRef = 3FF48B7B1BC8A68900CB3B38 /* FirstPersonCamera.cpp */; };
		3FF48BBB1BC8A68900CB3B38 /* FontManager.cpp in Sources */ = {isa = PBXBuildFile; fileRef = 3FF48B7D1BC8A68900CB3B38 /* FontManager.cpp */; };
		3FF48BBC1BC8A68900CB3B38 /* Game.cpp in Sources */ = {isa = PBXBuildFile; fileRef = 3FF48B7F1BC8A68900CB3B38 /* Game.cpp */; };
		3FF48BBD1BC8A68900CB3B38 /* GameClock.cpp in Sources */ = {isa = PBXBuildFile; fileRef = 3FF48B811BC8A68900CB3B38 /* GameClock.cpp */; };
		3FF48BBE1BC8A68900CB3B38 /* GameComponent.cpp in Sources */ = {isa = PBXBuildFile; fileRef = 3FF48B831BC8A68900CB3B38 /* GameComponent.cpp */; };
		3FF48BBF1BC8A68900CB3B38 /* GameTime.cpp in Sources */ = {isa = PBXBuildFile; fileRef = 3FF48B851BC8A68900CB3B38 /* GameTime.cpp */; };
		3FF48BC01BC8A68900CB3B38 /* Grid.cpp in Sources */ = {isa = PBXBuildFile; fileRef = 3FF48B871BC8A68900CB3B38 /* Grid.cpp */; };
		3FF48BC11BC8A68900CB3B38 /* Light.cpp in Sources */ = {isa = PBXBuildFile; fileRef = 3FF48B891BC8A68900CB3B38 /* Light.cpp */; };
		3FF48BC21BC8A68900CB3B38 /* Mesh.cpp in Sources */ = {isa = PBXBuildFile; fileRef = 3FF48B8B1BC8A68900CB3B38 /* Mesh.cpp */; };
		3FF48BC31BC8A68900CB3B38 /* Model.cpp in Sources */ = {isa = PBXBuildFile; fileRef = 3FF48B8D1BC8A68900CB3B38 /* Model.cpp */; };
		3FF48BC41BC8A68900CB3B38 /* ModelMaterial.cpp in Sources */ = {isa = PBXBuildFile; fileRef = 3FF48B8F1BC8A68900CB3B38 /* ModelMaterial.cpp */; };
		3FF48BC51BC8A68900CB3B38 /* ProxyModel.cpp in Sources */ = {isa = PBXBuildFile; fileRef = 3FF48B911BC8A68900CB3B38 /* ProxyModel.cpp */; };
		3FF48BC61BC8A68900CB3B38 /* ShaderProgram.cpp in Sources */ = {isa = PBXBuildFile; fileRef = 3FF48B931BC8A68900CB3B38 /* ShaderProgram.cpp */; };
		3FF48BC71BC8A68900CB3B38 /* SkyBox.cpp in Sources */ = {isa = PBXBuildFile; fileRef = 3FF48B951BC8A68900CB3B38 /* SkyBox.cpp */; };
		3FF48BC81BC8A68900CB3B38 /* CkThread.cpp in Sources */ = {isa = PBXBuildFile; fileRef = 3FF48B981BC8A68900CB3B38 /* CkThread.cpp */; };
		3FF48BC91BC8A68900CB3B38 /* Utility.cpp in Sources */ = {isa = PBXBuildFile; fileRef = 3FF48B9A1BC8A68900CB3B38 /* Utility.cpp */; };
		3FF48BCA1BC8A68900CB3B38 /* Variable.cpp in Sources */ = {isa = PBXBuildFile; fileRef = 3FF48B9C1BC8A68900CB3B38 /* Variable.cpp */; };
		3FF48BCB1BC8A68900CB3B38 /* VectorHelper.cpp in Sources */ = {isa = PBXBuildFile; fileRef = 3FF48B9E1BC8A68900CB3B38 /* VectorHelper.cpp */; };
		3FF48BCC1BC8A68900CB3B38 /* VertexDeclarations.cpp in Sources */ = {isa = PBXBuildFile; fileRef = 3FF48BA01BC8A68900CB3B38 /* VertexDeclarations.cpp */; };
		3FF48BCE1BC8A68900CB3B38 /* md5.cpp in Sources */ = {isa = PBXBuildFile; fileRef = 3FF48BA31BC8A68900CB3B38 /* md5.cpp */; };
		3FF48BCF1BC8A68900CB3B38 /* ModelDemo.cpp in Sources */ = {isa = PBXBuildFile; fileRef = 3FF48BA51BC8A68900CB3B38 /* ModelDemo.cpp */; };
		3FF48BD01BC8A68900CB3B38 /* PointDemo.cpp in Sources */ = {isa = PBXBuildFile; fileRef = 3FF48BA71BC8A68900CB3B38 /* PointDemo.cpp */; };
		3FF48BD11BC8A68900CB3B38 /* RenderingGame.cpp in Sources */ = {isa = PBXBuildFile; fileRef = 3FF48BA91BC8A68900CB3B38 /* RenderingGame.cpp */; };
		3FF48BD21BC8A68900CB3B38 /* WrappingModesDemo.cpp in Sources */ = {isa = PBXBuildFile; fileRef = 3FF48BAC1BC8A68900CB3B38 /* WrappingModesDemo.cpp */; };
/* End PBXBuildFile section */

/* Begin PBXCopyFilesBuildPhase section */
		3F9E8FEA1B74791900659751 /* CopyFiles */ = {
			isa = PBXCopyFilesBuildPhase;
			buildActionMask = 12;
			dstPath = /usr/share/man/man1/;
			dstSubfolderSpec = 0;
			files = (
			);
			runOnlyForDeploymentPostprocessing = 0;
		};
/* End PBXCopyFilesBuildPhase section */

/* Begin PBXFileReference section */
		3F314C641BCBBCE600C5456E /* BillboardEffect.cpp */ = {isa = PBXFileReference; fileEncoding = 4; lastKnownFileType = sourcecode.cpp.cpp; path = BillboardEffect.cpp; sourceTree = "<group>"; };
		3F314C651BCBBCE600C5456E /* BillboardEffect.h */ = {isa = PBXFileReference; fileEncoding = 4; lastKnownFileType = sourcecode.c.h; path = BillboardEffect.h; sourceTree = "<group>"; };
		3F314C671BCBC33000C5456E /* BillboardDemo.cpp */ = {isa = PBXFileReference; fileEncoding = 4; lastKnownFileType = sourcecode.cpp.cpp; path = BillboardDemo.cpp; sourceTree = "<group>"; };
		3F314C681BCBC33000C5456E /* BillboardDemo.h */ = {isa = PBXFileReference; fileEncoding = 4; lastKnownFileType = sourcecode.c.h; path = BillboardDemo.h; sourceTree = "<group>"; };
		3F82C2551BBA3C5E00A1B99C /* CoreFoundation.framework */ = {isa = PBXFileReference; lastKnownFileType = wrapper.framework; name = CoreFoundation.framework; path = System/Library/Frameworks/CoreFoundation.framework; sourceTree = SDKROOT; };
		3F9E8FEC1B74791900659751 /* OglRenderer */ = {isa = PBXFileReference; explicitFileType = "compiled.mach-o.executable"; includeInIndex = 0; path = OglRenderer; sourceTree = BUILT_PRODUCTS_DIR; };
		3FDA8F5F1BD00E990049E754 /* main.cpp */ = {isa = PBXFileReference; fileEncoding = 4; lastKnownFileType = sourcecode.cpp.cpp; path = main.cpp; sourceTree = "<group>"; };
		3FDA8F611BD3C80D0049E754 /* CubeTextureDemo.cpp */ = {isa = PBXFileReference; fileEncoding = 4; lastKnownFileType = sourcecode.cpp.cpp; path = CubeTextureDemo.cpp; sourceTree = "<group>"; };
		3FDA8F621BD3C80D0049E754 /* CubeTextureDemo.h */ = {isa = PBXFileReference; fileEncoding = 4; lastKnownFileType = sourcecode.c.h; path = CubeTextureDemo.h; sourceTree = "<group>"; };
		3FDE1F2B1B8C6422006C243F /* IOKit.framework */ = {isa = PBXFileReference; lastKnownFileType = wrapper.framework; name = IOKit.framework; path = System/Library/Frameworks/IOKit.framework; sourceTree = SDKROOT; };
		3FDE1F2D1B8C6429006C243F /* Cocoa.framework */ = {isa = PBXFileReference; lastKnownFileType = wrapper.framework; name = Cocoa.framework; path = System/Library/Frameworks/Cocoa.framework; sourceTree = SDKROOT; };
		3FDE1F2F1B8C6430006C243F /* OpenGL.framework */ = {isa = PBXFileReference; lastKnownFileType = wrapper.framework; name = OpenGL.framework; path = System/Library/Frameworks/OpenGL.framework; sourceTree = SDKROOT; };
		3FDE1F311B8C6437006C243F /* CoreVideo.framework */ = {isa = PBXFileReference; lastKnownFileType = wrapper.framework; name = CoreVideo.framework; path = System/Library/Frameworks/CoreVideo.framework; sourceTree = SDKROOT; };
		3FEF47A41BCCA65800BAE0DB /* PaticleUpdateEffect.cpp */ = {isa = PBXFileReference; fileEncoding = 4; lastKnownFileType = sourcecode.cpp.cpp; path = PaticleUpdateEffect.cpp; sourceTree = "<group>"; };
		3FEF47A51BCCA65800BAE0DB /* PaticleUpdateEffect.h */ = {isa = PBXFileReference; fileEncoding = 4; lastKnownFileType = sourcecode.c.h; path = PaticleUpdateEffect.h; sourceTree = "<group>"; };
		3FEF47A71BCCB84A00BAE0DB /* PaticleSystem.cpp */ = {isa = PBXFileReference; fileEncoding = 4; lastKnownFileType = sourcecode.cpp.cpp; path = PaticleSystem.cpp; sourceTree = "<group>"; };
		3FEF47A81BCCB84A00BAE0DB /* PaticleSystem.h */ = {isa = PBXFileReference; fileEncoding = 4; lastKnownFileType = sourcecode.c.h; path = PaticleSystem.h; sourceTree = "<group>"; };
		3FEF47AA1BCCC61E00BAE0DB /* RandomTexture.cpp */ = {isa = PBXFileReference; fileEncoding = 4; lastKnownFileType = sourcecode.cpp.cpp; path = RandomTexture.cpp; sourceTree = "<group>"; };
		3FEF47AB1BCCC61E00BAE0DB /* RandomTexture.h */ = {isa = PBXFileReference; fileEncoding = 4; lastKnownFileType = sourcecode.c.h; path = RandomTexture.h; sourceTree = "<group>"; };
		3FEF47AD1BCCCEB000BAE0DB /* Common.cpp */ = {isa = PBXFileReference; fileEncoding = 4; lastKnownFileType = sourcecode.cpp.cpp; path = Common.cpp; sourceTree = "<group>"; };
		3FEF47AF1BCCE95100BAE0DB /* GLCommon.h */ = {isa = PBXFileReference; lastKnownFileType = sourcecode.c.h; path = GLCommon.h; sourceTree = "<group>"; };
		3FEF47B01BCD286F00BAE0DB /* testDemo.cpp */ = {isa = PBXFileReference; fileEncoding = 4; lastKnownFileType = sourcecode.cpp.cpp; path = testDemo.cpp; sourceTree = "<group>"; };
		3FEF47B11BCD286F00BAE0DB /* testDemo.h */ = {isa = PBXFileReference; fileEncoding = 4; lastKnownFileType = sourcecode.c.h; path = testDemo.h; sourceTree = "<group>"; };
		3FEF47B51BCD2B7800BAE0DB /* GLUT.framework */ = {isa = PBXFileReference; lastKnownFileType = wrapper.framework; name = GLUT.framework; path = System/Library/Frameworks/GLUT.framework; sourceTree = SDKROOT; };
		3FEF47E41BCE45F200BAE0DB /* shader.cpp */ = {isa = PBXFileReference; fileEncoding = 4; lastKnownFileType = sourcecode.cpp.cpp; path = shader.cpp; sourceTree = "<group>"; };
		3FEF47E51BCE45F200BAE0DB /* shader.hpp */ = {isa = PBXFileReference; fileEncoding = 4; lastKnownFileType = sourcecode.cpp.h; path = shader.hpp; sourceTree = "<group>"; };
		3FEF47EA1BCF549F00BAE0DB /* LightingDemo.cpp */ = {isa = PBXFileReference; fileEncoding = 4; lastKnownFileType = sourcecode.cpp.cpp; path = LightingDemo.cpp; sourceTree = "<group>"; };
		3FEF47EB1BCF549F00BAE0DB /* LightingDemo.h */ = {isa = PBXFileReference; fileEncoding = 4; lastKnownFileType = sourcecode.c.h; path = LightingDemo.h; sourceTree = "<group>"; };
		3FF3BEE11BBD46C7008BD1AD /* Resource */ = {isa = PBXFileReference; lastKnownFileType = folder; name = Resource; path = build/Resource; sourceTree = "<group>"; };
		3FF48B491BC8A4EC00CB3B38 /* libassimpd.3.1.1.dylib */ = {isa = PBXFileReference; lastKnownFileType = "compiled.mach-o.dylib"; name = libassimpd.3.1.1.dylib; path = lib/assimp/lib/libassimpd.3.1.1.dylib; sourceTree = "<group>"; };
		3FF48B4B1BC8A4F800CB3B38 /* libfreetype.6.dylib */ = {isa = PBXFileReference; lastKnownFileType = "compiled.mach-o.dylib"; name = libfreetype.6.dylib; path = lib/freetype/lib/libfreetype.6.dylib; sourceTree = "<group>"; };
		3FF48B4D1BC8A50100CB3B38 /* libGLEW.a */ = {isa = PBXFileReference; lastKnownFileType = archive.ar; name = libGLEW.a; path = lib/GLEW/lib/libGLEW.a; sourceTree = "<group>"; };
		3FF48B4F1BC8A50C00CB3B38 /* libglfw3.a */ = {isa = PBXFileReference; lastKnownFileType = archive.ar; name = libglfw3.a; path = lib/GLFW/lib/libglfw3.a; sourceTree = "<group>"; };
		3FF48B521BC8A52B00CB3B38 /* image_DXT.c */ = {isa = PBXFileReference; fileEncoding = 4; lastKnownFileType = sourcecode.c.c; path = image_DXT.c; sourceTree = "<group>"; };
		3FF48B531BC8A52B00CB3B38 /* image_DXT.h */ = {isa = PBXFileReference; fileEncoding = 4; lastKnownFileType = sourcecode.c.h; path = image_DXT.h; sourceTree = "<group>"; };
		3FF48B541BC8A52B00CB3B38 /* image_helper.c */ = {isa = PBXFileReference; fileEncoding = 4; lastKnownFileType = sourcecode.c.c; path = image_helper.c; sourceTree = "<group>"; };
		3FF48B551BC8A52B00CB3B38 /* image_helper.h */ = {isa = PBXFileReference; fileEncoding = 4; lastKnownFileType = sourcecode.c.h; path = image_helper.h; sourceTree = "<group>"; };
		3FF48B561BC8A52B00CB3B38 /* SOIL.c */ = {isa = PBXFileReference; fileEncoding = 4; lastKnownFileType = sourcecode.c.c; path = SOIL.c; sourceTree = "<group>"; };
		3FF48B571BC8A52B00CB3B38 /* SOIL.h */ = {isa = PBXFileReference; fileEncoding = 4; lastKnownFileType = sourcecode.c.h; path = SOIL.h; sourceTree = "<group>"; };
		3FF48B581BC8A52B00CB3B38 /* stb_image_aug.c */ = {isa = PBXFileReference; fileEncoding = 4; lastKnownFileType = sourcecode.c.c; path = stb_image_aug.c; sourceTree = "<group>"; };
		3FF48B591BC8A52B00CB3B38 /* stb_image_aug.h */ = {isa = PBXFileReference; fileEncoding = 4; lastKnownFileType = sourcecode.c.h; path = stb_image_aug.h; sourceTree = "<group>"; };
		3FF48B5A1BC8A52B00CB3B38 /* stbi_DDS_aug.h */ = {isa = PBXFileReference; fileEncoding = 4; lastKnownFileType = sourcecode.c.h; path = stbi_DDS_aug.h; sourceTree = "<group>"; };
		3FF48B5B1BC8A52B00CB3B38 /* stbi_DDS_aug_c.h */ = {isa = PBXFileReference; fileEncoding = 4; lastKnownFileType = sourcecode.c.h; path = stbi_DDS_aug_c.h; sourceTree = "<group>"; };
		3FF48B601BC8A68900CB3B38 /* AmbientLightingDemo.cpp */ = {isa = PBXFileReference; fileEncoding = 4; lastKnownFileType = sourcecode.cpp.cpp; path = AmbientLightingDemo.cpp; sourceTree = "<group>"; };
		3FF48B611BC8A68900CB3B38 /* AmbientLightingDemo.h */ = {isa = PBXFileReference; fileEncoding = 4; lastKnownFileType = sourcecode.c.h; path = AmbientLightingDemo.h; sourceTree = "<group>"; };
		3FF48B621BC8A68900CB3B38 /* BlinnPhongDemo.cpp */ = {isa = PBXFileReference; fileEncoding = 4; lastKnownFileType = sourcecode.cpp.cpp; path = BlinnPhongDemo.cpp; sourceTree = "<group>"; };
		3FF48B631BC8A68900CB3B38 /* BlinnPhongDemo.h */ = {isa = PBXFileReference; fileEncoding = 4; lastKnownFileType = sourcecode.c.h; path = BlinnPhongDemo.h; sourceTree = "<group>"; };
		3FF48B641BC8A68900CB3B38 /* ColoredTriangleDemo.cpp */ = {isa = PBXFileReference; fileEncoding = 4; lastKnownFileType = sourcecode.cpp.cpp; path = ColoredTriangleDemo.cpp; sourceTree = "<group>"; };
		3FF48B651BC8A68900CB3B38 /* ColoredTriangleDemo.h */ = {isa = PBXFileReference; fileEncoding = 4; lastKnownFileType = sourcecode.c.h; path = ColoredTriangleDemo.h; sourceTree = "<group>"; };
		3FF48B661BC8A68900CB3B38 /* CubeDemo.cpp */ = {isa = PBXFileReference; fileEncoding = 4; lastKnownFileType = sourcecode.cpp.cpp; path = CubeDemo.cpp; sourceTree = "<group>"; };
		3FF48B671BC8A68900CB3B38 /* CubeDemo.h */ = {isa = PBXFileReference; fileEncoding = 4; lastKnownFileType = sourcecode.c.h; path = CubeDemo.h; sourceTree = "<group>"; };
		3FF48B681BC8A68900CB3B38 /* DiffuseLightingDemo.cpp */ = {isa = PBXFileReference; fileEncoding = 4; lastKnownFileType = sourcecode.cpp.cpp; path = DiffuseLightingDemo.cpp; sourceTree = "<group>"; };
		3FF48B691BC8A68900CB3B38 /* DiffuseLightingDemo.h */ = {isa = PBXFileReference; fileEncoding = 4; lastKnownFileType = sourcecode.c.h; path = DiffuseLightingDemo.h; sourceTree = "<group>"; };
		3FF48B6B1BC8A68900CB3B38 /* BlinnPhongEffect.cpp */ = {isa = PBXFileReference; fileEncoding = 4; lastKnownFileType = sourcecode.cpp.cpp; path = BlinnPhongEffect.cpp; sourceTree = "<group>"; };
		3FF48B6C1BC8A68900CB3B38 /* BlinnPhongEffect.h */ = {isa = PBXFileReference; fileEncoding = 4; lastKnownFileType = sourcecode.c.h; path = BlinnPhongEffect.h; sourceTree = "<group>"; };
		3FF48B6D1BC8A68900CB3B38 /* FogDemo.cpp */ = {isa = PBXFileReference; fileEncoding = 4; lastKnownFileType = sourcecode.cpp.cpp; path = FogDemo.cpp; sourceTree = "<group>"; };
		3FF48B6E1BC8A68900CB3B38 /* FogDemo.h */ = {isa = PBXFileReference; fileEncoding = 4; lastKnownFileType = sourcecode.c.h; path = FogDemo.h; sourceTree = "<group>"; };
		3FF48B701BC8A68900CB3B38 /* BasicEffect.cpp */ = {isa = PBXFileReference; fileEncoding = 4; lastKnownFileType = sourcecode.cpp.cpp; path = BasicEffect.cpp; sourceTree = "<group>"; };
		3FF48B711BC8A68900CB3B38 /* BasicEffect.h */ = {isa = PBXFileReference; fileEncoding = 4; lastKnownFileType = sourcecode.c.h; path = BasicEffect.h; sourceTree = "<group>"; };
		3FF48B721BC8A68900CB3B38 /* Camera.cpp */ = {isa = PBXFileReference; fileEncoding = 4; lastKnownFileType = sourcecode.cpp.cpp; path = Camera.cpp; sourceTree = "<group>"; };
		3FF48B731BC8A68900CB3B38 /* Camera.h */ = {isa = PBXFileReference; fileEncoding = 4; lastKnownFileType = sourcecode.c.h; path = Camera.h; sourceTree = "<group>"; };
		3FF48B741BC8A68900CB3B38 /* ColorHelper.cpp */ = {isa = PBXFileReference; fileEncoding = 4; lastKnownFileType = sourcecode.cpp.cpp; path = ColorHelper.cpp; sourceTree = "<group>"; };
		3FF48B751BC8A68900CB3B38 /* ColorHelper.h */ = {isa = PBXFileReference; fileEncoding = 4; lastKnownFileType = sourcecode.c.h; path = ColorHelper.h; sourceTree = "<group>"; };
		3FF48B761BC8A68900CB3B38 /* Common.h */ = {isa = PBXFileReference; fileEncoding = 4; lastKnownFileType = sourcecode.c.h; path = Common.h; sourceTree = "<group>"; };
		3FF48B771BC8A68900CB3B38 /* DirectionalLight.cpp */ = {isa = PBXFileReference; fileEncoding = 4; lastKnownFileType = sourcecode.cpp.cpp; path = DirectionalLight.cpp; sourceTree = "<group>"; };
		3FF48B781BC8A68900CB3B38 /* DirectionalLight.h */ = {isa = PBXFileReference; fileEncoding = 4; lastKnownFileType = sourcecode.c.h; path = DirectionalLight.h; sourceTree = "<group>"; };
		3FF48B791BC8A68900CB3B38 /* DrawableGameComponent.cpp */ = {isa = PBXFileReference; fileEncoding = 4; lastKnownFileType = sourcecode.cpp.cpp; path = DrawableGameComponent.cpp; sourceTree = "<group>"; };
		3FF48B7A1BC8A68900CB3B38 /* DrawableGameComponent.h */ = {isa = PBXFileReference; fileEncoding = 4; lastKnownFileType = sourcecode.c.h; path = DrawableGameComponent.h; sourceTree = "<group>"; };
		3FF48B7B1BC8A68900CB3B38 /* FirstPersonCamera.cpp */ = {isa = PBXFileReference; fileEncoding = 4; lastKnownFileType = sourcecode.cpp.cpp; path = FirstPersonCamera.cpp; sourceTree = "<group>"; };
		3FF48B7C1BC8A68900CB3B38 /* FirstPersonCamera.h */ = {isa = PBXFileReference; fileEncoding = 4; lastKnownFileType = sourcecode.c.h; path = FirstPersonCamera.h; sourceTree = "<group>"; };
		3FF48B7D1BC8A68900CB3B38 /* FontManager.cpp */ = {isa = PBXFileReference; fileEncoding = 4; lastKnownFileType = sourcecode.cpp.cpp; path = FontManager.cpp; sourceTree = "<group>"; };
		3FF48B7E1BC8A68900CB3B38 /* FontManager.h */ = {isa = PBXFileReference; fileEncoding = 4; lastKnownFileType = sourcecode.c.h; path = FontManager.h; sourceTree = "<group>"; };
		3FF48B7F1BC8A68900CB3B38 /* Game.cpp */ = {isa = PBXFileReference; fileEncoding = 4; lastKnownFileType = sourcecode.cpp.cpp; path = Game.cpp; sourceTree = "<group>"; };
		3FF48B801BC8A68900CB3B38 /* Game.h */ = {isa = PBXFileReference; fileEncoding = 4; lastKnownFileType = sourcecode.c.h; path = Game.h; sourceTree = "<group>"; };
		3FF48B811BC8A68900CB3B38 /* GameClock.cpp */ = {isa = PBXFileReference; fileEncoding = 4; lastKnownFileType = sourcecode.cpp.cpp; path = GameClock.cpp; sourceTree = "<group>"; };
		3FF48B821BC8A68900CB3B38 /* GameClock.h */ = {isa = PBXFileReference; fileEncoding = 4; lastKnownFileType = sourcecode.c.h; path = GameClock.h; sourceTree = "<group>"; };
		3FF48B831BC8A68900CB3B38 /* GameComponent.cpp */ = {isa = PBXFileReference; fileEncoding = 4; lastKnownFileType = sourcecode.cpp.cpp; path = GameComponent.cpp; sourceTree = "<group>"; };
		3FF48B841BC8A68900CB3B38 /* GameComponent.h */ = {isa = PBXFileReference; fileEncoding = 4; lastKnownFileType = sourcecode.c.h; path = GameComponent.h; sourceTree = "<group>"; };
		3FF48B851BC8A68900CB3B38 /* GameTime.cpp */ = {isa = PBXFileReference; fileEncoding = 4; lastKnownFileType = sourcecode.cpp.cpp; path = GameTime.cpp; sourceTree = "<group>"; };
		3FF48B861BC8A68900CB3B38 /* GameTime.h */ = {isa = PBXFileReference; fileEncoding = 4; lastKnownFileType = sourcecode.c.h; path = GameTime.h; sourceTree = "<group>"; };
		3FF48B871BC8A68900CB3B38 /* Grid.cpp */ = {isa = PBXFileReference; fileEncoding = 4; lastKnownFileType = sourcecode.cpp.cpp; path = Grid.cpp; sourceTree = "<group>"; };
		3FF48B881BC8A68900CB3B38 /* Grid.h */ = {isa = PBXFileReference; fileEncoding = 4; lastKnownFileType = sourcecode.c.h; path = Grid.h; sourceTree = "<group>"; };
		3FF48B891BC8A68900CB3B38 /* Light.cpp */ = {isa = PBXFileReference; fileEncoding = 4; lastKnownFileType = sourcecode.cpp.cpp; path = Light.cpp; sourceTree = "<group>"; };
		3FF48B8A1BC8A68900CB3B38 /* Light.h */ = {isa = PBXFileReference; fileEncoding = 4; lastKnownFileType = sourcecode.c.h; path = Light.h; sourceTree = "<group>"; };
		3FF48B8B1BC8A68900CB3B38 /* Mesh.cpp */ = {isa = PBXFileReference; fileEncoding = 4; lastKnownFileType = sourcecode.cpp.cpp; path = Mesh.cpp; sourceTree = "<group>"; };
		3FF48B8C1BC8A68900CB3B38 /* Mesh.h */ = {isa = PBXFileReference; fileEncoding = 4; lastKnownFileType = sourcecode.c.h; path = Mesh.h; sourceTree = "<group>"; };
		3FF48B8D1BC8A68900CB3B38 /* Model.cpp */ = {isa = PBXFileReference; fileEncoding = 4; lastKnownFileType = sourcecode.cpp.cpp; path = Model.cpp; sourceTree = "<group>"; };
		3FF48B8E1BC8A68900CB3B38 /* Model.h */ = {isa = PBXFileReference; fileEncoding = 4; lastKnownFileType = sourcecode.c.h; path = Model.h; sourceTree = "<group>"; };
		3FF48B8F1BC8A68900CB3B38 /* ModelMaterial.cpp */ = {isa = PBXFileReference; fileEncoding = 4; lastKnownFileType = sourcecode.cpp.cpp; path = ModelMaterial.cpp; sourceTree = "<group>"; };
		3FF48B901BC8A68900CB3B38 /* ModelMaterial.h */ = {isa = PBXFileReference; fileEncoding = 4; lastKnownFileType = sourcecode.c.h; path = ModelMaterial.h; sourceTree = "<group>"; };
		3FF48B911BC8A68900CB3B38 /* ProxyModel.cpp */ = {isa = PBXFileReference; fileEncoding = 4; lastKnownFileType = sourcecode.cpp.cpp; path = ProxyModel.cpp; sourceTree = "<group>"; };
		3FF48B921BC8A68900CB3B38 /* ProxyModel.h */ = {isa = PBXFileReference; fileEncoding = 4; lastKnownFileType = sourcecode.c.h; path = ProxyModel.h; sourceTree = "<group>"; };
		3FF48B931BC8A68900CB3B38 /* ShaderProgram.cpp */ = {isa = PBXFileReference; fileEncoding = 4; lastKnownFileType = sourcecode.cpp.cpp; path = ShaderProgram.cpp; sourceTree = "<group>"; };
		3FF48B941BC8A68900CB3B38 /* ShaderProgram.h */ = {isa = PBXFileReference; fileEncoding = 4; lastKnownFileType = sourcecode.c.h; path = ShaderProgram.h; sourceTree = "<group>"; };
		3FF48B951BC8A68900CB3B38 /* SkyBox.cpp */ = {isa = PBXFileReference; fileEncoding = 4; lastKnownFileType = sourcecode.cpp.cpp; path = SkyBox.cpp; sourceTree = "<group>"; };
		3FF48B961BC8A68900CB3B38 /* SkyBox.h */ = {isa = PBXFileReference; fileEncoding = 4; lastKnownFileType = sourcecode.c.h; path = SkyBox.h; sourceTree = "<group>"; };
		3FF48B981BC8A68900CB3B38 /* CkThread.cpp */ = {isa = PBXFileReference; fileEncoding = 4; lastKnownFileType = sourcecode.cpp.cpp; path = CkThread.cpp; sourceTree = "<group>"; };
		3FF48B991BC8A68900CB3B38 /* CkThread.h */ = {isa = PBXFileReference; fileEncoding = 4; lastKnownFileType = sourcecode.c.h; path = CkThread.h; sourceTree = "<group>"; };
		3FF48B9A1BC8A68900CB3B38 /* Utility.cpp */ = {isa = PBXFileReference; fileEncoding = 4; lastKnownFileType = sourcecode.cpp.cpp; path = Utility.cpp; sourceTree = "<group>"; };
		3FF48B9B1BC8A68900CB3B38 /* Utility.h */ = {isa = PBXFileReference; fileEncoding = 4; lastKnownFileType = sourcecode.c.h; path = Utility.h; sourceTree = "<group>"; };
		3FF48B9C1BC8A68900CB3B38 /* Variable.cpp */ = {isa = PBXFileReference; fileEncoding = 4; lastKnownFileType = sourcecode.cpp.cpp; path = Variable.cpp; sourceTree = "<group>"; };
		3FF48B9D1BC8A68900CB3B38 /* Variable.h */ = {isa = PBXFileReference; fileEncoding = 4; lastKnownFileType = sourcecode.c.h; path = Variable.h; sourceTree = "<group>"; };
		3FF48B9E1BC8A68900CB3B38 /* VectorHelper.cpp */ = {isa = PBXFileReference; fileEncoding = 4; lastKnownFileType = sourcecode.cpp.cpp; path = VectorHelper.cpp; sourceTree = "<group>"; };
		3FF48B9F1BC8A68900CB3B38 /* VectorHelper.h */ = {isa = PBXFileReference; fileEncoding = 4; lastKnownFileType = sourcecode.c.h; path = VectorHelper.h; sourceTree = "<group>"; };
		3FF48BA01BC8A68900CB3B38 /* VertexDeclarations.cpp */ = {isa = PBXFileReference; fileEncoding = 4; lastKnownFileType = sourcecode.cpp.cpp; path = VertexDeclarations.cpp; sourceTree = "<group>"; };
		3FF48BA11BC8A68900CB3B38 /* VertexDeclarations.h */ = {isa = PBXFileReference; fileEncoding = 4; lastKnownFileType = sourcecode.c.h; path = VertexDeclarations.h; sourceTree = "<group>"; };
		3FF48BA31BC8A68900CB3B38 /* md5.cpp */ = {isa = PBXFileReference; fileEncoding = 4; lastKnownFileType = sourcecode.cpp.cpp; path = md5.cpp; sourceTree = "<group>"; };
		3FF48BA41BC8A68900CB3B38 /* md5.h */ = {isa = PBXFileReference; fileEncoding = 4; lastKnownFileType = sourcecode.c.h; path = md5.h; sourceTree = "<group>"; };
		3FF48BA51BC8A68900CB3B38 /* ModelDemo.cpp */ = {isa = PBXFileReference; fileEncoding = 4; lastKnownFileType = sourcecode.cpp.cpp; path = ModelDemo.cpp; sourceTree = "<group>"; };
		3FF48BA61BC8A68900CB3B38 /* ModelDemo.h */ = {isa = PBXFileReference; fileEncoding = 4; lastKnownFileType = sourcecode.c.h; path = ModelDemo.h; sourceTree = "<group>"; };
		3FF48BA71BC8A68900CB3B38 /* PointDemo.cpp */ = {isa = PBXFileReference; fileEncoding = 4; lastKnownFileType = sourcecode.cpp.cpp; path = PointDemo.cpp; sourceTree = "<group>"; };
		3FF48BA81BC8A68900CB3B38 /* PointDemo.h */ = {isa = PBXFileReference; fileEncoding = 4; lastKnownFileType = sourcecode.c.h; path = PointDemo.h; sourceTree = "<group>"; };
		3FF48BA91BC8A68900CB3B38 /* RenderingGame.cpp */ = {isa = PBXFileReference; fileEncoding = 4; lastKnownFileType = sourcecode.cpp.cpp; path = RenderingGame.cpp; sourceTree = "<group>"; };
		3FF48BAA1BC8A68900CB3B38 /* RenderingGame.h */ = {isa = PBXFileReference; fileEncoding = 4; lastKnownFileType = sourcecode.c.h; path = RenderingGame.h; sourceTree = "<group>"; };
		3FF48BAB1BC8A68900CB3B38 /* Util.h */ = {isa = PBXFileReference; fileEncoding = 4; lastKnownFileType = sourcecode.c.h; path = Util.h; sourceTree = "<group>"; };
		3FF48BAC1BC8A68900CB3B38 /* WrappingModesDemo.cpp */ = {isa = PBXFileReference; fileEncoding = 4; lastKnownFileType = sourcecode.cpp.cpp; path = WrappingModesDemo.cpp; sourceTree = "<group>"; };
		3FF48BAD1BC8A68900CB3B38 /* WrappingModesDemo.h */ = {isa = PBXFileReference; fileEncoding = 4; lastKnownFileType = sourcecode.c.h; path = WrappingModesDemo.h; sourceTree = "<group>"; };
/* End PBXFileReference section */

/* Begin PBXFrameworksBuildPhase section */
		3F9E8FE91B74791900659751 /* Frameworks */ = {
			isa = PBXFrameworksBuildPhase;
			buildActionMask = 2147483647;
			files = (
				3FEF47B61BCD2B7800BAE0DB /* GLUT.framework in Frameworks */,
				3FF48B501BC8A50C00CB3B38 /* libglfw3.a in Frameworks */,
				3FF48B4E1BC8A50100CB3B38 /* libGLEW.a in Frameworks */,
				3FF48B4C1BC8A4F800CB3B38 /* libfreetype.6.dylib in Frameworks */,
				3FF48B4A1BC8A4EC00CB3B38 /* libassimpd.3.1.1.dylib in Frameworks */,
				3F82C2561BBA3C5E00A1B99C /* CoreFoundation.framework in Frameworks */,
				3FDE1F321B8C6437006C243F /* CoreVideo.framework in Frameworks */,
				3FDE1F301B8C6430006C243F /* OpenGL.framework in Frameworks */,
				3FDE1F2E1B8C6429006C243F /* Cocoa.framework in Frameworks */,
				3FDE1F2C1B8C6422006C243F /* IOKit.framework in Frameworks */,
			);
			runOnlyForDeploymentPostprocessing = 0;
		};
/* End PBXFrameworksBuildPhase section */

/* Begin PBXGroup section */
		3F9E8FE31B74791800659751 = {
			isa = PBXGroup;
			children = (
				3FEF47B51BCD2B7800BAE0DB /* GLUT.framework */,
				3FF48B4F1BC8A50C00CB3B38 /* libglfw3.a */,
				3FF48B4D1BC8A50100CB3B38 /* libGLEW.a */,
				3FF48B4B1BC8A4F800CB3B38 /* libfreetype.6.dylib */,
				3FF48B491BC8A4EC00CB3B38 /* libassimpd.3.1.1.dylib */,
				3F82C2551BBA3C5E00A1B99C /* CoreFoundation.framework */,
				3FE6D71D1BC80ADD00399A42 /* thirdpart */,
				3FE6D67F1BC8097C00399A42 /* src */,
				3FDE1F311B8C6437006C243F /* CoreVideo.framework */,
				3FDE1F2F1B8C6430006C243F /* OpenGL.framework */,
				3FDE1F2D1B8C6429006C243F /* Cocoa.framework */,
				3FDE1F2B1B8C6422006C243F /* IOKit.framework */,
				3F9E8FED1B74791900659751 /* Products */,
				3FF3BEE11BBD46C7008BD1AD /* Resource */,
			);
			sourceTree = "<group>";
		};
		3F9E8FED1B74791900659751 /* Products */ = {
			isa = PBXGroup;
			children = (
				3F9E8FEC1B74791900659751 /* OglRenderer */,
			);
			name = Products;
			sourceTree = "<group>";
		};
		3FDA8F591BD008EB0049E754 /* learnopengl */ = {
			isa = PBXGroup;
			children = (
			);
			path = learnopengl;
			sourceTree = "<group>";
		};
		3FE6D67F1BC8097C00399A42 /* src */ = {
			isa = PBXGroup;
			children = (
				3FDA8F5F1BD00E990049E754 /* main.cpp */,
				3FDA8F591BD008EB0049E754 /* learnopengl */,
				3FEF47E41BCE45F200BAE0DB /* shader.cpp */,
				3FEF47E51BCE45F200BAE0DB /* shader.hpp */,
				3FF48B6A1BC8A68900CB3B38 /* effect */,
				3FF48B6F1BC8A68900CB3B38 /* Library */,
				3F314C671BCBC33000C5456E /* BillboardDemo.cpp */,
				3F314C681BCBC33000C5456E /* BillboardDemo.h */,
				3FF48B601BC8A68900CB3B38 /* AmbientLightingDemo.cpp */,
				3FF48B611BC8A68900CB3B38 /* AmbientLightingDemo.h */,
				3FF48B621BC8A68900CB3B38 /* BlinnPhongDemo.cpp */,
				3FF48B631BC8A68900CB3B38 /* BlinnPhongDemo.h */,
				3FF48B641BC8A68900CB3B38 /* ColoredTriangleDemo.cpp */,
				3FF48B651BC8A68900CB3B38 /* ColoredTriangleDemo.h */,
				3FF48B661BC8A68900CB3B38 /* CubeDemo.cpp */,
				3FF48B671BC8A68900CB3B38 /* CubeDemo.h */,
				3FF48B681BC8A68900CB3B38 /* DiffuseLightingDemo.cpp */,
				3FF48B691BC8A68900CB3B38 /* DiffuseLightingDemo.h */,
				3FF48B6D1BC8A68900CB3B38 /* FogDemo.cpp */,
				3FF48B6E1BC8A68900CB3B38 /* FogDemo.h */,
				3FF48BA31BC8A68900CB3B38 /* md5.cpp */,
				3FF48BA41BC8A68900CB3B38 /* md5.h */,
				3FF48BA51BC8A68900CB3B38 /* ModelDemo.cpp */,
				3FF48BA61BC8A68900CB3B38 /* ModelDemo.h */,
				3FF48BA71BC8A68900CB3B38 /* PointDemo.cpp */,
				3FF48BA81BC8A68900CB3B38 /* PointDemo.h */,
				3FF48BA91BC8A68900CB3B38 /* RenderingGame.cpp */,
				3FF48BAA1BC8A68900CB3B38 /* RenderingGame.h */,
				3FF48BAB1BC8A68900CB3B38 /* Util.h */,
				3FF48BAC1BC8A68900CB3B38 /* WrappingModesDemo.cpp */,
				3FF48BAD1BC8A68900CB3B38 /* WrappingModesDemo.h */,
				3FEF47B01BCD286F00BAE0DB /* testDemo.cpp */,
				3FEF47B11BCD286F00BAE0DB /* testDemo.h */,
				3FEF47EA1BCF549F00BAE0DB /* LightingDemo.cpp */,
				3FEF47EB1BCF549F00BAE0DB /* LightingDemo.h */,
				3FDA8F611BD3C80D0049E754 /* CubeTextureDemo.cpp */,
				3FDA8F621BD3C80D0049E754 /* CubeTextureDemo.h */,
			);
			path = src;
			sourceTree = "<group>";
		};
		3FE6D71D1BC80ADD00399A42 /* thirdpart */ = {
			isa = PBXGroup;
			children = (
				3FF48B511BC8A52B00CB3B38 /* soil */,
			);
			name = thirdpart;
			sourceTree = "<group>";
		};
		3FF48B511BC8A52B00CB3B38 /* soil */ = {
			isa = PBXGroup;
			children = (
				3FF48B521BC8A52B00CB3B38 /* image_DXT.c */,
				3FF48B531BC8A52B00CB3B38 /* image_DXT.h */,
				3FF48B541BC8A52B00CB3B38 /* image_helper.c */,
				3FF48B551BC8A52B00CB3B38 /* image_helper.h */,
				3FF48B561BC8A52B00CB3B38 /* SOIL.c */,
				3FF48B571BC8A52B00CB3B38 /* SOIL.h */,
				3FF48B581BC8A52B00CB3B38 /* stb_image_aug.c */,
				3FF48B591BC8A52B00CB3B38 /* stb_image_aug.h */,
				3FF48B5A1BC8A52B00CB3B38 /* stbi_DDS_aug.h */,
				3FF48B5B1BC8A52B00CB3B38 /* stbi_DDS_aug_c.h */,
			);
			name = soil;
			path = lib/soil;
			sourceTree = "<group>";
		};
		3FF48B6A1BC8A68900CB3B38 /* effect */ = {
			isa = PBXGroup;
			children = (
				3FF48B6B1BC8A68900CB3B38 /* BlinnPhongEffect.cpp */,
				3FF48B6C1BC8A68900CB3B38 /* BlinnPhongEffect.h */,
				3F314C641BCBBCE600C5456E /* BillboardEffect.cpp */,
				3F314C651BCBBCE600C5456E /* BillboardEffect.h */,
				3FEF47A41BCCA65800BAE0DB /* PaticleUpdateEffect.cpp */,
				3FEF47A51BCCA65800BAE0DB /* PaticleUpdateEffect.h */,
			);
			path = effect;
			sourceTree = "<group>";
		};
		3FF48B6F1BC8A68900CB3B38 /* Library */ = {
			isa = PBXGroup;
			children = (
				3FF48B971BC8A68900CB3B38 /* thread */,
				3FF48B701BC8A68900CB3B38 /* BasicEffect.cpp */,
				3FF48B711BC8A68900CB3B38 /* BasicEffect.h */,
				3FF48B721BC8A68900CB3B38 /* Camera.cpp */,
				3FF48B731BC8A68900CB3B38 /* Camera.h */,
				3FF48B741BC8A68900CB3B38 /* ColorHelper.cpp */,
				3FF48B751BC8A68900CB3B38 /* ColorHelper.h */,
				3FF48B761BC8A68900CB3B38 /* Common.h */,
				3FEF47AF1BCCE95100BAE0DB /* GLCommon.h */,
				3FEF47AD1BCCCEB000BAE0DB /* Common.cpp */,
				3FF48B771BC8A68900CB3B38 /* DirectionalLight.cpp */,
				3FF48B781BC8A68900CB3B38 /* DirectionalLight.h */,
				3FF48B791BC8A68900CB3B38 /* DrawableGameComponent.cpp */,
				3FF48B7A1BC8A68900CB3B38 /* DrawableGameComponent.h */,
				3FF48B7B1BC8A68900CB3B38 /* FirstPersonCamera.cpp */,
				3FF48B7C1BC8A68900CB3B38 /* FirstPersonCamera.h */,
				3FF48B7D1BC8A68900CB3B38 /* FontManager.cpp */,
				3FF48B7E1BC8A68900CB3B38 /* FontManager.h */,
				3FF48B7F1BC8A68900CB3B38 /* Game.cpp */,
				3FF48B801BC8A68900CB3B38 /* Game.h */,
				3FF48B811BC8A68900CB3B38 /* GameClock.cpp */,
				3FF48B821BC8A68900CB3B38 /* GameClock.h */,
				3FF48B831BC8A68900CB3B38 /* GameComponent.cpp */,
				3FF48B841BC8A68900CB3B38 /* GameComponent.h */,
				3FF48B851BC8A68900CB3B38 /* GameTime.cpp */,
				3FF48B861BC8A68900CB3B38 /* GameTime.h */,
				3FF48B871BC8A68900CB3B38 /* Grid.cpp */,
				3FF48B881BC8A68900CB3B38 /* Grid.h */,
				3FF48B891BC8A68900CB3B38 /* Light.cpp */,
				3FF48B8A1BC8A68900CB3B38 /* Light.h */,
				3FF48B8B1BC8A68900CB3B38 /* Mesh.cpp */,
				3FF48B8C1BC8A68900CB3B38 /* Mesh.h */,
				3FF48B8D1BC8A68900CB3B38 /* Model.cpp */,
				3FF48B8E1BC8A68900CB3B38 /* Model.h */,
				3FF48B8F1BC8A68900CB3B38 /* ModelMaterial.cpp */,
				3FF48B901BC8A68900CB3B38 /* ModelMaterial.h */,
				3FF48B911BC8A68900CB3B38 /* ProxyModel.cpp */,
				3FF48B921BC8A68900CB3B38 /* ProxyModel.h */,
				3FF48B931BC8A68900CB3B38 /* ShaderProgram.cpp */,
				3FF48B941BC8A68900CB3B38 /* ShaderProgram.h */,
				3FF48B951BC8A68900CB3B38 /* SkyBox.cpp */,
				3FF48B961BC8A68900CB3B38 /* SkyBox.h */,
				3FF48B9A1BC8A68900CB3B38 /* Utility.cpp */,
				3FF48B9B1BC8A68900CB3B38 /* Utility.h */,
				3FF48B9C1BC8A68900CB3B38 /* Variable.cpp */,
				3FF48B9D1BC8A68900CB3B38 /* Variable.h */,
				3FF48B9E1BC8A68900CB3B38 /* VectorHelper.cpp */,
				3FF48B9F1BC8A68900CB3B38 /* VectorHelper.h */,
				3FF48BA01BC8A68900CB3B38 /* VertexDeclarations.cpp */,
				3FF48BA11BC8A68900CB3B38 /* VertexDeclarations.h */,
				3FEF47AA1BCCC61E00BAE0DB /* RandomTexture.cpp */,
				3FEF47AB1BCCC61E00BAE0DB /* RandomTexture.h */,
				3FEF47A71BCCB84A00BAE0DB /* PaticleSystem.cpp */,
				3FEF47A81BCCB84A00BAE0DB /* PaticleSystem.h */,
			);
			path = Library;
			sourceTree = "<group>";
		};
		3FF48B971BC8A68900CB3B38 /* thread */ = {
			isa = PBXGroup;
			children = (
				3FF48B981BC8A68900CB3B38 /* CkThread.cpp */,
				3FF48B991BC8A68900CB3B38 /* CkThread.h */,
			);
			path = thread;
			sourceTree = "<group>";
		};
/* End PBXGroup section */

/* Begin PBXNativeTarget section */
		3F9E8FEB1B74791900659751 /* OglRenderer */ = {
			isa = PBXNativeTarget;
			buildConfigurationList = 3F9E8FF31B74791900659751 /* Build configuration list for PBXNativeTarget "OglRenderer" */;
			buildPhases = (
				3F9E8FE81B74791900659751 /* Sources */,
				3F9E8FE91B74791900659751 /* Frameworks */,
				3F9E8FEA1B74791900659751 /* CopyFiles */,
			);
			buildRules = (
			);
			dependencies = (
			);
			name = OglRenderer;
			productName = test;
			productReference = 3F9E8FEC1B74791900659751 /* OglRenderer */;
			productType = "com.apple.product-type.tool";
		};
/* End PBXNativeTarget section */

/* Begin PBXProject section */
		3F9E8FE41B74791800659751 /* Project object */ = {
			isa = PBXProject;
			attributes = {
				LastUpgradeCheck = 0630;
				ORGANIZATIONNAME = Chukie;
				TargetAttributes = {
					3F9E8FEB1B74791900659751 = {
						CreatedOnToolsVersion = 6.3;
					};
				};
			};
			buildConfigurationList = 3F9E8FE71B74791800659751 /* Build configuration list for PBXProject "OglRenderer" */;
			compatibilityVersion = "Xcode 3.2";
			developmentRegion = English;
			hasScannedForEncodings = 0;
			knownRegions = (
				en,
			);
			mainGroup = 3F9E8FE31B74791800659751;
			productRefGroup = 3F9E8FED1B74791900659751 /* Products */;
			projectDirPath = "";
			projectRoot = "";
			targets = (
				3F9E8FEB1B74791900659751 /* OglRenderer */,
			);
		};
/* End PBXProject section */

/* Begin PBXSourcesBuildPhase section */
		3F9E8FE81B74791900659751 /* Sources */ = {
			isa = PBXSourcesBuildPhase;
			buildActionMask = 2147483647;
			files = (
				3FEF47E61BCE45F200BAE0DB /* shader.cpp in Sources */,
				3FEF47AC1BCCC61E00BAE0DB /* RandomTexture.cpp in Sources */,
				3FF48BB61BC8A68900CB3B38 /* Camera.cpp in Sources */,
				3FF48BC61BC8A68900CB3B38 /* ShaderProgram.cpp in Sources */,
				3FF48BC31BC8A68900CB3B38 /* Model.cpp in Sources */,
				3FF48B5C1BC8A52B00CB3B38 /* image_DXT.c in Sources */,
				3FF48BC01BC8A68900CB3B38 /* Grid.cpp in Sources */,
				3FF48BB11BC8A68900CB3B38 /* CubeDemo.cpp in Sources */,
				3FF48BB41BC8A68900CB3B38 /* FogDemo.cpp in Sources */,
				3FF48BC51BC8A68900CB3B38 /* ProxyModel.cpp in Sources */,
				3FF48B5D1BC8A52B00CB3B38 /* image_helper.c in Sources */,
				3FEF47A91BCCB84A00BAE0DB /* PaticleSystem.cpp in Sources */,
				3FF48BD11BC8A68900CB3B38 /* RenderingGame.cpp in Sources */,
				3FF48BCF1BC8A68900CB3B38 /* ModelDemo.cpp in Sources */,
				3FDA8F631BD3C80D0049E754 /* CubeTextureDemo.cpp in Sources */,
				3FF48BBA1BC8A68900CB3B38 /* FirstPersonCamera.cpp in Sources */,
				3FF48BB31BC8A68900CB3B38 /* BlinnPhongEffect.cpp in Sources */,
				3FF48BB01BC8A68900CB3B38 /* ColoredTriangleDemo.cpp in Sources */,
				3FF48BBF1BC8A68900CB3B38 /* GameTime.cpp in Sources */,
				3FDA8F601BD00E990049E754 /* main.cpp in Sources */,
				3FF48BAE1BC8A68900CB3B38 /* AmbientLightingDemo.cpp in Sources */,
				3FF48BAF1BC8A68900CB3B38 /* BlinnPhongDemo.cpp in Sources */,
				3FF48BB91BC8A68900CB3B38 /* DrawableGameComponent.cpp in Sources */,
				3FF48BD21BC8A68900CB3B38 /* WrappingModesDemo.cpp in Sources */,
				3FF48BCE1BC8A68900CB3B38 /* md5.cpp in Sources */,
				3FF48BC91BC8A68900CB3B38 /* Utility.cpp in Sources */,
				3FF48BBC1BC8A68900CB3B38 /* Game.cpp in Sources */,
				3FF48BBE1BC8A68900CB3B38 /* GameComponent.cpp in Sources */,
				3FEF47AE1BCCCEB000BAE0DB /* Common.cpp in Sources */,
				3FF48BC81BC8A68900CB3B38 /* CkThread.cpp in Sources */,
				3FF48BCB1BC8A68900CB3B38 /* VectorHelper.cpp in Sources */,
				3FEF47A61BCCA65800BAE0DB /* PaticleUpdateEffect.cpp in Sources */,
				3FF48B5F1BC8A52B00CB3B38 /* stb_image_aug.c in Sources */,
				3FF48BCA1BC8A68900CB3B38 /* Variable.cpp in Sources */,
				3FF48BC41BC8A68900CB3B38 /* ModelMaterial.cpp in Sources */,
				3FF48BCC1BC8A68900CB3B38 /* VertexDeclarations.cpp in Sources */,
				3FF48B5E1BC8A52B00CB3B38 /* SOIL.c in Sources */,
				3FEF47B21BCD286F00BAE0DB /* testDemo.cpp in Sources */,
				3FF48BB21BC8A68900CB3B38 /* DiffuseLightingDemo.cpp in Sources */,
				3FEF47EC1BCF549F00BAE0DB /* LightingDemo.cpp in Sources */,
				3FF48BC11BC8A68900CB3B38 /* Light.cpp in Sources */,
				3F314C661BCBBCE600C5456E /* BillboardEffect.cpp in Sources */,
				3F314C691BCBC33000C5456E /* BillboardDemo.cpp in Sources */,
				3FF48BC71BC8A68900CB3B38 /* SkyBox.cpp in Sources */,
				3FF48BBB1BC8A68900CB3B38 /* FontManager.cpp in Sources */,
				3FF48BBD1BC8A68900CB3B38 /* GameClock.cpp in Sources */,
				3FF48BD01BC8A68900CB3B38 /* PointDemo.cpp in Sources */,
				3FF48BB51BC8A68900CB3B38 /* BasicEffect.cpp in Sources */,
				3FF48BB71BC8A68900CB3B38 /* ColorHelper.cpp in Sources */,
				3FF48BB81BC8A68900CB3B38 /* DirectionalLight.cpp in Sources */,
				3FF48BC21BC8A68900CB3B38 /* Mesh.cpp in Sources */,
			);
			runOnlyForDeploymentPostprocessing = 0;
		};
/* End PBXSourcesBuildPhase section */

/* Begin XCBuildConfiguration section */
		3F9E8FF11B74791900659751 /* Debug */ = {
			isa = XCBuildConfiguration;
			buildSettings = {
				ALWAYS_SEARCH_USER_PATHS = NO;
				CLANG_CXX_LANGUAGE_STANDARD = "gnu++0x";
				CLANG_CXX_LIBRARY = "libc++";
				CLANG_ENABLE_MODULES = YES;
				CLANG_ENABLE_OBJC_ARC = YES;
				CLANG_WARN_BOOL_CONVERSION = YES;
				CLANG_WARN_CONSTANT_CONVERSION = YES;
				CLANG_WARN_DIRECT_OBJC_ISA_USAGE = YES_ERROR;
				CLANG_WARN_EMPTY_BODY = YES;
				CLANG_WARN_ENUM_CONVERSION = YES;
				CLANG_WARN_INT_CONVERSION = YES;
				CLANG_WARN_OBJC_ROOT_CLASS = YES_ERROR;
				CLANG_WARN_UNREACHABLE_CODE = YES;
				CLANG_WARN__DUPLICATE_METHOD_MATCH = YES;
				COPY_PHASE_STRIP = NO;
				DEBUG_INFORMATION_FORMAT = dwarf;
				ENABLE_STRICT_OBJC_MSGSEND = YES;
				GCC_C_LANGUAGE_STANDARD = gnu99;
				GCC_DYNAMIC_NO_PIC = NO;
				GCC_NO_COMMON_BLOCKS = YES;
				GCC_OPTIMIZATION_LEVEL = 0;
				GCC_PREPROCESSOR_DEFINITIONS = (
					"DEBUG=1",
					"$(inherited)",
				);
				GCC_SYMBOLS_PRIVATE_EXTERN = NO;
				GCC_WARN_64_TO_32_BIT_CONVERSION = YES;
				GCC_WARN_ABOUT_RETURN_TYPE = YES_ERROR;
				GCC_WARN_UNDECLARED_SELECTOR = YES;
				GCC_WARN_UNINITIALIZED_AUTOS = YES_AGGRESSIVE;
				GCC_WARN_UNUSED_FUNCTION = YES;
				GCC_WARN_UNUSED_VARIABLE = YES;
				MACOSX_DEPLOYMENT_TARGET = 10.10;
				MTL_ENABLE_DEBUG_INFO = YES;
				ONLY_ACTIVE_ARCH = YES;
				SDKROOT = macosx;
				SYMROOT = "$(PROJECT_DIR)/build";
			};
			name = Debug;
		};
		3F9E8FF21B74791900659751 /* Release */ = {
			isa = XCBuildConfiguration;
			buildSettings = {
				ALWAYS_SEARCH_USER_PATHS = NO;
				CLANG_CXX_LANGUAGE_STANDARD = "gnu++0x";
				CLANG_CXX_LIBRARY = "libc++";
				CLANG_ENABLE_MODULES = YES;
				CLANG_ENABLE_OBJC_ARC = YES;
				CLANG_WARN_BOOL_CONVERSION = YES;
				CLANG_WARN_CONSTANT_CONVERSION = YES;
				CLANG_WARN_DIRECT_OBJC_ISA_USAGE = YES_ERROR;
				CLANG_WARN_EMPTY_BODY = YES;
				CLANG_WARN_ENUM_CONVERSION = YES;
				CLANG_WARN_INT_CONVERSION = YES;
				CLANG_WARN_OBJC_ROOT_CLASS = YES_ERROR;
				CLANG_WARN_UNREACHABLE_CODE = YES;
				CLANG_WARN__DUPLICATE_METHOD_MATCH = YES;
				COPY_PHASE_STRIP = NO;
				DEBUG_INFORMATION_FORMAT = "dwarf-with-dsym";
				ENABLE_NS_ASSERTIONS = NO;
				ENABLE_STRICT_OBJC_MSGSEND = YES;
				GCC_C_LANGUAGE_STANDARD = gnu99;
				GCC_NO_COMMON_BLOCKS = YES;
				GCC_WARN_64_TO_32_BIT_CONVERSION = YES;
				GCC_WARN_ABOUT_RETURN_TYPE = YES_ERROR;
				GCC_WARN_UNDECLARED_SELECTOR = YES;
				GCC_WARN_UNINITIALIZED_AUTOS = YES_AGGRESSIVE;
				GCC_WARN_UNUSED_FUNCTION = YES;
				GCC_WARN_UNUSED_VARIABLE = YES;
				MACOSX_DEPLOYMENT_TARGET = 10.10;
				MTL_ENABLE_DEBUG_INFO = NO;
				SDKROOT = macosx;
				SYMROOT = "$(PROJECT_DIR)/build";
			};
			name = Release;
		};
		3F9E8FF41B74791900659751 /* Debug */ = {
			isa = XCBuildConfiguration;
			buildSettings = {
				HEADER_SEARCH_PATHS = (
					"$(inherited)",
					/Applications/Xcode.app/Contents/Developer/Toolchains/XcodeDefault.xctoolchain/usr/include,
					"$(PROJECT_DIR)/lib/GLFW/include",
					"$(PROJECT_DIR)/lib/glm",
					"$(PROJECT_DIR)/lib/GLEW/include/",
					"$(PROJECT_DIR)/lib",
					"$(PROJECT_DIR)/lib/freetype/include",
				);
				LIBRARY_SEARCH_PATHS = (
					"$(PROJECT_DIR)/GLFW/lib",
					"$(PROJECT_DIR)/GLEW/lib",
					"$(PROJECT_DIR)/assimp/lib",
					"$(PROJECT_DIR)/soil/lib",
					"$(PROJECT_DIR)/freetype/lib",
					"$(PROJECT_DIR)/lib/assimp/lib",
					"$(PROJECT_DIR)/lib/freetype/lib",
					"$(PROJECT_DIR)/lib/GLEW/lib",
					"$(PROJECT_DIR)/lib/GLFW/lib",
				);
				PRODUCT_NAME = OglRenderer;
				SYMROOT = "$(PROJECT_DIR)/build";
			};
			name = Debug;
		};
		3F9E8FF51B74791900659751 /* Release */ = {
			isa = XCBuildConfiguration;
			buildSettings = {
				HEADER_SEARCH_PATHS = (
					"$(inherited)",
					/Applications/Xcode.app/Contents/Developer/Toolchains/XcodeDefault.xctoolchain/usr/include,
					"$(PROJECT_DIR)/lib/GLFW/include",
					"$(PROJECT_DIR)/lib/glm",
					"$(PROJECT_DIR)/lib/GLEW/include/",
					"$(PROJECT_DIR)/lib",
					"$(PROJECT_DIR)/lib/freetype/include",
				);
				LIBRARY_SEARCH_PATHS = (
					"$(PROJECT_DIR)/GLFW/lib",
					"$(PROJECT_DIR)/GLEW/lib",
					"$(PROJECT_DIR)/assimp/lib",
					"$(PROJECT_DIR)/soil/lib",
					"$(PROJECT_DIR)/freetype/lib",
					"$(PROJECT_DIR)/lib/assimp/lib",
					"$(PROJECT_DIR)/lib/freetype/lib",
					"$(PROJECT_DIR)/lib/GLEW/lib",
					"$(PROJECT_DIR)/lib/GLFW/lib",
				);
				PRODUCT_NAME = OglRenderer;
				SYMROOT = "$(PROJECT_DIR)/build";
			};
			name = Release;
		};
/* End XCBuildConfiguration section */

/* Begin XCConfigurationList section */
		3F9E8FE71B74791800659751 /* Build configuration list for PBXProject "OglRenderer" */ = {
			isa = XCConfigurationList;
			buildConfigurations = (
				3F9E8FF11B74791900659751 /* Debug */,
				3F9E8FF21B74791900659751 /* Release */,
			);
			defaultConfigurationIsVisible = 0;
			defaultConfigurationName = Release;
		};
		3F9E8FF31B74791900659751 /* Build configuration list for PBXNativeTarget "OglRenderer" */ = {
			isa = XCConfigurationList;
			buildConfigurations = (
				3F9E8FF41B74791900659751 /* Debug */,
				3F9E8FF51B74791900659751 /* Release */,
			);
			defaultConfigurationIsVisible = 0;
			defaultConfigurationName = Release;
		};
/* End XCConfigurationList section */
	};
	rootObject = 3F9E8FE41B74791800659751 /* Project object */;
}
